
Microsoft Visual Studio Solution File, Format Version 12.00
# Visual Studio 14
VisualStudioVersion = 14.0.25420.1
MinimumVisualStudioVersion = 10.0.40219.1
Project("{F184B08F-C81C-45F6-A57F-5ABD9991F28F}") = "DelSole.ClientAuth", "DelSole.ClientAuth\DelSole.ClientAuth.vbproj", "{7C9066A2-FFFF-45AB-9459-313117C67A82}"
EndProject
Project("{FAE04EC0-301F-11D3-BF4B-00C04F79EFBC}") = "SampleApp_CS", "SampleApp_CS\SampleApp_CS.csproj", "{A048E358-CA4B-451E-97CB-BFBC6DBFF5E3}"
EndProject
Project("{F184B08F-C81C-45F6-A57F-5ABD9991F28F}") = "SampleApp_VB", "SampleApp_VB\SampleApp_VB.vbproj", "{F1695A5B-94E5-489C-A551-45944C87330C}"
EndProject
Global
	GlobalSection(SolutionConfigurationPlatforms) = preSolution
		Debug|Any CPU = Debug|Any CPU
		Release|Any CPU = Release|Any CPU
	EndGlobalSection
	GlobalSection(ProjectConfigurationPlatforms) = postSolution
		{7C9066A2-FFFF-45AB-9459-313117C67A82}.Debug|Any CPU.ActiveCfg = Debug|Any CPU
		{7C9066A2-FFFF-45AB-9459-313117C67A82}.Debug|Any CPU.Build.0 = Debug|Any CPU
		{7C9066A2-FFFF-45AB-9459-313117C67A82}.Release|Any CPU.ActiveCfg = Release|Any CPU
		{7C9066A2-FFFF-45AB-9459-313117C67A82}.Release|Any CPU.Build.0 = Release|Any CPU
		{A048E358-CA4B-451E-97CB-BFBC6DBFF5E3}.Debug|Any CPU.ActiveCfg = Debug|Any CPU
		{A048E358-CA4B-451E-97CB-BFBC6DBFF5E3}.Debug|Any CPU.Build.0 = Debug|Any CPU
		{A048E358-CA4B-451E-97CB-BFBC6DBFF5E3}.Release|Any CPU.ActiveCfg = Release|Any CPU
		{A048E358-CA4B-451E-97CB-BFBC6DBFF5E3}.Release|Any CPU.Build.0 = Release|Any CPU
		{F1695A5B-94E5-489C-A551-45944C87330C}.Debug|Any CPU.ActiveCfg = Debug|Any CPU
		{F1695A5B-94E5-489C-A551-45944C87330C}.Debug|Any CPU.Build.0 = Debug|Any CPU
		{F1695A5B-94E5-489C-A551-45944C87330C}.Release|Any CPU.ActiveCfg = Release|Any CPU
		{F1695A5B-94E5-489C-A551-45944C87330C}.Release|Any CPU.Build.0 = Release|Any CPU
	EndGlobalSection
	GlobalSection(SolutionProperties) = preSolution
		HideSolutionNode = FALSE
	EndGlobalSection
EndGlobal
